// !$*UTF8*$!
{
	archiveVersion = 1;
	classes = {
	};
	objectVersion = 50;
	objects = {

/* Begin PBXBuildFile section */
		C62F05A5256BF11C00D83B49 /* DTMTests.swift in Sources */ = {isa = PBXBuildFile; fileRef = C62F05A4256BF11C00D83B49 /* DTMTests.swift */; };
		C62F05B0256BF11D00D83B49 /* DTMUITests.swift in Sources */ = {isa = PBXBuildFile; fileRef = C62F05AF256BF11D00D83B49 /* DTMUITests.swift */; };
		C62F0600256BF1B300D83B49 /* shopView.swift in Sources */ = {isa = PBXBuildFile; fileRef = C62F05F3256BF1B200D83B49 /* shopView.swift */; };
		C62F0601256BF1B300D83B49 /* Malls.swift in Sources */ = {isa = PBXBuildFile; fileRef = C62F05F4256BF1B200D83B49 /* Malls.swift */; };
		C62F0602256BF1B300D83B49 /* floorCell.swift in Sources */ = {isa = PBXBuildFile; fileRef = C62F05F5256BF1B200D83B49 /* floorCell.swift */; };
		C62F0603256BF1B300D83B49 /* SceneDelegate.swift in Sources */ = {isa = PBXBuildFile; fileRef = C62F05F6256BF1B300D83B49 /* SceneDelegate.swift */; };
		C62F0604256BF1B300D83B49 /* DetailView.swift in Sources */ = {isa = PBXBuildFile; fileRef = C62F05F7256BF1B300D83B49 /* DetailView.swift */; };
		C62F0605256BF1B300D83B49 /* cellId.swift in Sources */ = {isa = PBXBuildFile; fileRef = C62F05F8256BF1B300D83B49 /* cellId.swift */; };
		C62F0608256BF1B300D83B49 /* MallCells.swift in Sources */ = {isa = PBXBuildFile; fileRef = C62F05FB256BF1B300D83B49 /* MallCells.swift */; };
		C62F0609256BF1B300D83B49 /* DtmApi.swift in Sources */ = {isa = PBXBuildFile; fileRef = C62F05FC256BF1B300D83B49 /* DtmApi.swift */; };
		C62F060B256BF1B300D83B49 /* shopCell.swift in Sources */ = {isa = PBXBuildFile; fileRef = C62F05FE256BF1B300D83B49 /* shopCell.swift */; };
		C62F060C256BF1B300D83B49 /* ViewController.swift in Sources */ = {isa = PBXBuildFile; fileRef = C62F05FF256BF1B300D83B49 /* ViewController.swift */; };
		C62F0613256BF1B900D83B49 /* AppDelegate.swift in Sources */ = {isa = PBXBuildFile; fileRef = C62F05EB256BF19500D83B49 /* AppDelegate.swift */; };
		C62F0621256BF25500D83B49 /* LaunchScreen.storyboard in Resources */ = {isa = PBXBuildFile; fileRef = C62F0620256BF25500D83B49 /* LaunchScreen.storyboard */; };
		C62F0626256BF26600D83B49 /* Assets.xcassets in Resources */ = {isa = PBXBuildFile; fileRef = C62F0625256BF26600D83B49 /* Assets.xcassets */; };
		C62F0631256BF36700D83B49 /* Main.storyboard in Resources */ = {isa = PBXBuildFile; fileRef = C62F0630256BF36700D83B49 /* Main.storyboard */; };
/* End PBXBuildFile section */

/* Begin PBXContainerItemProxy section */
		C62F05A1256BF11C00D83B49 /* PBXContainerItemProxy */ = {
			isa = PBXContainerItemProxy;
			containerPortal = C62F0582256BF11C00D83B49 /* Project object */;
			proxyType = 1;
			remoteGlobalIDString = C62F0589256BF11C00D83B49;
			remoteInfo = DTM;
		};
		C62F05AC256BF11D00D83B49 /* PBXContainerItemProxy */ = {
			isa = PBXContainerItemProxy;
			containerPortal = C62F0582256BF11C00D83B49 /* Project object */;
			proxyType = 1;
			remoteGlobalIDString = C62F0589256BF11C00D83B49;
			remoteInfo = DTM;
		};
/* End PBXContainerItemProxy section */

/* Begin PBXFileReference section */
		C62F058A256BF11C00D83B49 /* DTM.app */ = {isa = PBXFileReference; explicitFileType = wrapper.application; includeInIndex = 0; path = DTM.app; sourceTree = BUILT_PRODUCTS_DIR; };
		C62F05A0256BF11C00D83B49 /* DTMTests.xctest */ = {isa = PBXFileReference; explicitFileType = wrapper.cfbundle; includeInIndex = 0; path = DTMTests.xctest; sourceTree = BUILT_PRODUCTS_DIR; };
		C62F05A4256BF11C00D83B49 /* DTMTests.swift */ = {isa = PBXFileReference; lastKnownFileType = sourcecode.swift; path = DTMTests.swift; sourceTree = "<group>"; };
		C62F05A6256BF11C00D83B49 /* Info.plist */ = {isa = PBXFileReference; lastKnownFileType = text.plist.xml; path = Info.plist; sourceTree = "<group>"; };
		C62F05AB256BF11D00D83B49 /* DTMUITests.xctest */ = {isa = PBXFileReference; explicitFileType = wrapper.cfbundle; includeInIndex = 0; path = DTMUITests.xctest; sourceTree = BUILT_PRODUCTS_DIR; };
		C62F05AF256BF11D00D83B49 /* DTMUITests.swift */ = {isa = PBXFileReference; lastKnownFileType = sourcecode.swift; path = DTMUITests.swift; sourceTree = "<group>"; };
		C62F05B1256BF11D00D83B49 /* Info.plist */ = {isa = PBXFileReference; lastKnownFileType = text.plist.xml; path = Info.plist; sourceTree = "<group>"; };
		C62F05EB256BF19500D83B49 /* AppDelegate.swift */ = {isa = PBXFileReference; fileEncoding = 4; lastKnownFileType = sourcecode.swift; path = AppDelegate.swift; sourceTree = "<group>"; };
		C62F05F3256BF1B200D83B49 /* shopView.swift */ = {isa = PBXFileReference; fileEncoding = 4; lastKnownFileType = sourcecode.swift; path = shopView.swift; sourceTree = "<group>"; };
		C62F05F4256BF1B200D83B49 /* Malls.swift */ = {isa = PBXFileReference; fileEncoding = 4; lastKnownFileType = sourcecode.swift; path = Malls.swift; sourceTree = "<group>"; };
		C62F05F5256BF1B200D83B49 /* floorCell.swift */ = {isa = PBXFileReference; fileEncoding = 4; lastKnownFileType = sourcecode.swift; path = floorCell.swift; sourceTree = "<group>"; };
		C62F05F6256BF1B300D83B49 /* SceneDelegate.swift */ = {isa = PBXFileReference; fileEncoding = 4; lastKnownFileType = sourcecode.swift; path = SceneDelegate.swift; sourceTree = "<group>"; };
		C62F05F7256BF1B300D83B49 /* DetailView.swift */ = {isa = PBXFileReference; fileEncoding = 4; lastKnownFileType = sourcecode.swift; path = DetailView.swift; sourceTree = "<group>"; };
		C62F05F8256BF1B300D83B49 /* cellId.swift */ = {isa = PBXFileReference; fileEncoding = 4; lastKnownFileType = sourcecode.swift; path = cellId.swift; sourceTree = "<group>"; };
		C62F05F9256BF1B300D83B49 /* Info.plist */ = {isa = PBXFileReference; fileEncoding = 4; lastKnownFileType = text.plist.xml; path = Info.plist; sourceTree = "<group>"; };
		C62F05FB256BF1B300D83B49 /* MallCells.swift */ = {isa = PBXFileReference; fileEncoding = 4; lastKnownFileType = sourcecode.swift; path = MallCells.swift; sourceTree = "<group>"; };
		C62F05FC256BF1B300D83B49 /* DtmApi.swift */ = {isa = PBXFileReference; fileEncoding = 4; lastKnownFileType = sourcecode.swift; path = DtmApi.swift; sourceTree = "<group>"; };
		C62F05FE256BF1B300D83B49 /* shopCell.swift */ = {isa = PBXFileReference; fileEncoding = 4; lastKnownFileType = sourcecode.swift; path = shopCell.swift; sourceTree = "<group>"; };
		C62F05FF256BF1B300D83B49 /* ViewController.swift */ = {isa = PBXFileReference; fileEncoding = 4; lastKnownFileType = sourcecode.swift; path = ViewController.swift; sourceTree = "<group>"; };
		C62F0620256BF25500D83B49 /* LaunchScreen.storyboard */ = {isa = PBXFileReference; fileEncoding = 4; lastKnownFileType = file.storyboard; path = LaunchScreen.storyboard; sourceTree = "<group>"; };
		C62F0625256BF26600D83B49 /* Assets.xcassets */ = {isa = PBXFileReference; lastKnownFileType = folder.assetcatalog; path = Assets.xcassets; sourceTree = "<group>"; };
		C62F0630256BF36700D83B49 /* Main.storyboard */ = {isa = PBXFileReference; fileEncoding = 4; lastKnownFileType = file.storyboard; path = Main.storyboard; sourceTree = "<group>"; };
/* End PBXFileReference section */

/* Begin PBXFrameworksBuildPhase section */
		C62F0587256BF11C00D83B49 /* Frameworks */ = {
			isa = PBXFrameworksBuildPhase;
			buildActionMask = 2147483647;
			files = (
			);
			runOnlyForDeploymentPostprocessing = 0;
		};
		C62F059D256BF11C00D83B49 /* Frameworks */ = {
			isa = PBXFrameworksBuildPhase;
			buildActionMask = 2147483647;
			files = (
			);
			runOnlyForDeploymentPostprocessing = 0;
		};
		C62F05A8256BF11D00D83B49 /* Frameworks */ = {
			isa = PBXFrameworksBuildPhase;
			buildActionMask = 2147483647;
			files = (
			);
			runOnlyForDeploymentPostprocessing = 0;
		};
/* End PBXFrameworksBuildPhase section */

/* Begin PBXGroup section */
		C62F0581256BF11C00D83B49 = {
			isa = PBXGroup;
			children = (
				C62F058C256BF11C00D83B49 /* DTM */,
				C62F05A3256BF11C00D83B49 /* ]] */,
				C62F05AE256BF11D00D83B49 /* DTMUITests */,
				C62F058B256BF11C00D83B49 /* Products */,
			);
			sourceTree = "<group>";
		};
		C62F058B256BF11C00D83B49 /* Products */ = {
			isa = PBXGroup;
			children = (
				C62F058A256BF11C00D83B49 /* DTM.app */,
				C62F05A0256BF11C00D83B49 /* DTMTests.xctest */,
				C62F05AB256BF11D00D83B49 /* DTMUITests.xctest */,
			);
			name = Products;
			sourceTree = "<group>";
		};
		C62F058C256BF11C00D83B49 /* DTM */ = {
			isa = PBXGroup;
			children = (
				C62F05F8256BF1B300D83B49 /* cellId.swift */,
				C62F05F7256BF1B300D83B49 /* DetailView.swift */,
				C62F05FC256BF1B300D83B49 /* DtmApi.swift */,
				C62F05F5256BF1B200D83B49 /* floorCell.swift */,
				C62F0630256BF36700D83B49 /* Main.storyboard */,
				C62F05F9256BF1B300D83B49 /* Info.plist */,
				C62F0625256BF26600D83B49 /* Assets.xcassets */,
				C62F05FB256BF1B300D83B49 /* MallCells.swift */,
				C62F0620256BF25500D83B49 /* LaunchScreen.storyboard */,
				C62F05F4256BF1B200D83B49 /* Malls.swift */,
				C62F05F6256BF1B300D83B49 /* SceneDelegate.swift */,
				C62F05FE256BF1B300D83B49 /* shopCell.swift */,
				C62F05F3256BF1B200D83B49 /* shopView.swift */,
				C62F05FF256BF1B300D83B49 /* ViewController.swift */,
				C62F05EB256BF19500D83B49 /* AppDelegate.swift */,
			);
			path = DTM;
			sourceTree = "<group>";
		};
		C62F05A3256BF11C00D83B49 /* ]] */ = {
			isa = PBXGroup;
			children = (
				C62F05A4256BF11C00D83B49 /* DTMTests.swift */,
				C62F05A6256BF11C00D83B49 /* Info.plist */,
			);
			path = "]]";
			sourceTree = "<group>";
		};
		C62F05AE256BF11D00D83B49 /* DTMUITests */ = {
			isa = PBXGroup;
			children = (
				C62F05AF256BF11D00D83B49 /* DTMUITests.swift */,
				C62F05B1256BF11D00D83B49 /* Info.plist */,
			);
			path = DTMUITests;
			sourceTree = "<group>";
		};
/* End PBXGroup section */

/* Begin PBXNativeTarget section */
		C62F0589256BF11C00D83B49 /* DTM */ = {
			isa = PBXNativeTarget;
			buildConfigurationList = C62F05B4256BF11D00D83B49 /* Build configuration list for PBXNativeTarget "DTM" */;
			buildPhases = (
				C62F0586256BF11C00D83B49 /* Sources */,
				C62F0587256BF11C00D83B49 /* Frameworks */,
				C62F0588256BF11C00D83B49 /* Resources */,
			);
			buildRules = (
			);
			dependencies = (
			);
			name = DTM;
			productName = DTM;
			productReference = C62F058A256BF11C00D83B49 /* DTM.app */;
			productType = "com.apple.product-type.application";
		};
		C62F059F256BF11C00D83B49 /* DTMTests */ = {
			isa = PBXNativeTarget;
			buildConfigurationList = C62F05B7256BF11D00D83B49 /* Build configuration list for PBXNativeTarget "DTMTests" */;
			buildPhases = (
				C62F059C256BF11C00D83B49 /* Sources */,
				C62F059D256BF11C00D83B49 /* Frameworks */,
				C62F059E256BF11C00D83B49 /* Resources */,
			);
			buildRules = (
			);
			dependencies = (
				C62F05A2256BF11C00D83B49 /* PBXTargetDependency */,
			);
			name = DTMTests;
			productName = DTMTests;
			productReference = C62F05A0256BF11C00D83B49 /* DTMTests.xctest */;
			productType = "com.apple.product-type.bundle.unit-test";
		};
		C62F05AA256BF11D00D83B49 /* DTMUITests */ = {
			isa = PBXNativeTarget;
			buildConfigurationList = C62F05BA256BF11D00D83B49 /* Build configuration list for PBXNativeTarget "DTMUITests" */;
			buildPhases = (
				C62F05A7256BF11D00D83B49 /* Sources */,
				C62F05A8256BF11D00D83B49 /* Frameworks */,
				C62F05A9256BF11D00D83B49 /* Resources */,
			);
			buildRules = (
			);
			dependencies = (
				C62F05AD256BF11D00D83B49 /* PBXTargetDependency */,
			);
			name = DTMUITests;
			productName = DTMUITests;
			productReference = C62F05AB256BF11D00D83B49 /* DTMUITests.xctest */;
			productType = "com.apple.product-type.bundle.ui-testing";
		};
/* End PBXNativeTarget section */

/* Begin PBXProject section */
		C62F0582256BF11C00D83B49 /* Project object */ = {
			isa = PBXProject;
			attributes = {
				LastSwiftUpdateCheck = 1230;
				LastUpgradeCheck = 1230;
				TargetAttributes = {
					C62F0589256BF11C00D83B49 = {
						CreatedOnToolsVersion = 12.3;
						LastSwiftMigration = 1230;
					};
					C62F059F256BF11C00D83B49 = {
						CreatedOnToolsVersion = 12.3;
						TestTargetID = C62F0589256BF11C00D83B49;
					};
					C62F05AA256BF11D00D83B49 = {
						CreatedOnToolsVersion = 12.3;
						TestTargetID = C62F0589256BF11C00D83B49;
					};
				};
			};
			buildConfigurationList = C62F0585256BF11C00D83B49 /* Build configuration list for PBXProject "DTM" */;
			compatibilityVersion = "Xcode 9.3";
			developmentRegion = en;
			hasScannedForEncodings = 0;
			knownRegions = (
				en,
				Base,
			);
			mainGroup = C62F0581256BF11C00D83B49;
			productRefGroup = C62F058B256BF11C00D83B49 /* Products */;
			projectDirPath = "";
			projectRoot = "";
			targets = (
				C62F0589256BF11C00D83B49 /* DTM */,
				C62F059F256BF11C00D83B49 /* DTMTests */,
				C62F05AA256BF11D00D83B49 /* DTMUITests */,
			);
		};
/* End PBXProject section */

/* Begin PBXResourcesBuildPhase section */
		C62F0588256BF11C00D83B49 /* Resources */ = {
			isa = PBXResourcesBuildPhase;
			buildActionMask = 2147483647;
			files = (
				C62F0621256BF25500D83B49 /* LaunchScreen.storyboard in Resources */,
				C62F0626256BF26600D83B49 /* Assets.xcassets in Resources */,
				C62F0631256BF36700D83B49 /* Main.storyboard in Resources */,
			);
			runOnlyForDeploymentPostprocessing = 0;
		};
		C62F059E256BF11C00D83B49 /* Resources */ = {
			isa = PBXResourcesBuildPhase;
			buildActionMask = 2147483647;
			files = (
			);
			runOnlyForDeploymentPostprocessing = 0;
		};
		C62F05A9256BF11D00D83B49 /* Resources */ = {
			isa = PBXResourcesBuildPhase;
			buildActionMask = 2147483647;
			files = (
			);
			runOnlyForDeploymentPostprocessing = 0;
		};
/* End PBXResourcesBuildPhase section */

/* Begin PBXSourcesBuildPhase section */
		C62F0586256BF11C00D83B49 /* Sources */ = {
			isa = PBXSourcesBuildPhase;
			buildActionMask = 2147483647;
			files = (
				C62F0613256BF1B900D83B49 /* AppDelegate.swift in Sources */,
				C62F060C256BF1B300D83B49 /* ViewController.swift in Sources */,
				C62F060B256BF1B300D83B49 /* shopCell.swift in Sources */,
				C62F0605256BF1B300D83B49 /* cellId.swift in Sources */,
				C62F0600256BF1B300D83B49 /* shopView.swift in Sources */,
				C62F0602256BF1B300D83B49 /* floorCell.swift in Sources */,
				C62F0601256BF1B300D83B49 /* Malls.swift in Sources */,
				C62F0604256BF1B300D83B49 /* DetailView.swift in Sources */,
				C62F0608256BF1B300D83B49 /* MallCells.swift in Sources */,
				C62F0609256BF1B300D83B49 /* DtmApi.swift in Sources */,
				C62F0603256BF1B300D83B49 /* SceneDelegate.swift in Sources */,
			);
			runOnlyForDeploymentPostprocessing = 0;
		};
		C62F059C256BF11C00D83B49 /* Sources */ = {
			isa = PBXSourcesBuildPhase;
			buildActionMask = 2147483647;
			files = (
				C62F05A5256BF11C00D83B49 /* DTMTests.swift in Sources */,
			);
			runOnlyForDeploymentPostprocessing = 0;
		};
		C62F05A7256BF11D00D83B49 /* Sources */ = {
			isa = PBXSourcesBuildPhase;
			buildActionMask = 2147483647;
			files = (
				C62F05B0256BF11D00D83B49 /* DTMUITests.swift in Sources */,
			);
			runOnlyForDeploymentPostprocessing = 0;
		};
/* End PBXSourcesBuildPhase section */

/* Begin PBXTargetDependency section */
		C62F05A2256BF11C00D83B49 /* PBXTargetDependency */ = {
			isa = PBXTargetDependency;
			target = C62F0589256BF11C00D83B49 /* DTM */;
			targetProxy = C62F05A1256BF11C00D83B49 /* PBXContainerItemProxy */;
		};
		C62F05AD256BF11D00D83B49 /* PBXTargetDependency */ = {
			isa = PBXTargetDependency;
			target = C62F0589256BF11C00D83B49 /* DTM */;
			targetProxy = C62F05AC256BF11D00D83B49 /* PBXContainerItemProxy */;
		};
/* End PBXTargetDependency section */

/* Begin XCBuildConfiguration section */
		C62F05B2256BF11D00D83B49 /* Debug */ = {
			isa = XCBuildConfiguration;
			buildSettings = {
				ALWAYS_SEARCH_USER_PATHS = NO;
				CLANG_ANALYZER_NONNULL = YES;
				CLANG_ANALYZER_NUMBER_OBJECT_CONVERSION = YES_AGGRESSIVE;
				CLANG_CXX_LANGUAGE_STANDARD = "gnu++14";
				CLANG_CXX_LIBRARY = "libc++";
				CLANG_ENABLE_MODULES = YES;
				CLANG_ENABLE_OBJC_ARC = YES;
				CLANG_ENABLE_OBJC_WEAK = YES;
				CLANG_WARN_BLOCK_CAPTURE_AUTORELEASING = YES;
				CLANG_WARN_BOOL_CONVERSION = YES;
				CLANG_WARN_COMMA = YES;
				CLANG_WARN_CONSTANT_CONVERSION = YES;
				CLANG_WARN_DEPRECATED_OBJC_IMPLEMENTATIONS = YES;
				CLANG_WARN_DIRECT_OBJC_ISA_USAGE = YES_ERROR;
				CLANG_WARN_DOCUMENTATION_COMMENTS = YES;
				CLANG_WARN_EMPTY_BODY = YES;
				CLANG_WARN_ENUM_CONVERSION = YES;
				CLANG_WARN_INFINITE_RECURSION = YES;
				CLANG_WARN_INT_CONVERSION = YES;
				CLANG_WARN_NON_LITERAL_NULL_CONVERSION = YES;
				CLANG_WARN_OBJC_IMPLICIT_RETAIN_SELF = YES;
				CLANG_WARN_OBJC_LITERAL_CONVERSION = YES;
				CLANG_WARN_OBJC_ROOT_CLASS = YES_ERROR;
				CLANG_WARN_QUOTED_INCLUDE_IN_FRAMEWORK_HEADER = YES;
				CLANG_WARN_RANGE_LOOP_ANALYSIS = YES;
				CLANG_WARN_STRICT_PROTOTYPES = YES;
				CLANG_WARN_SUSPICIOUS_MOVE = YES;
				CLANG_WARN_UNGUARDED_AVAILABILITY = YES_AGGRESSIVE;
				CLANG_WARN_UNREACHABLE_CODE = YES;
				CLANG_WARN__DUPLICATE_METHOD_MATCH = YES;
				COPY_PHASE_STRIP = NO;
				DEBUG_INFORMATION_FORMAT = dwarf;
				ENABLE_STRICT_OBJC_MSGSEND = YES;
				ENABLE_TESTABILITY = YES;
				GCC_C_LANGUAGE_STANDARD = gnu11;
				GCC_DYNAMIC_NO_PIC = NO;
				GCC_NO_COMMON_BLOCKS = YES;
				GCC_OPTIMIZATION_LEVEL = 0;
				GCC_PREPROCESSOR_DEFINITIONS = (
					"DEBUG=1",
					"$(inherited)",
				);
				GCC_WARN_64_TO_32_BIT_CONVERSION = YES;
				GCC_WARN_ABOUT_RETURN_TYPE = YES_ERROR;
				GCC_WARN_UNDECLARED_SELECTOR = YES;
				GCC_WARN_UNINITIALIZED_AUTOS = YES_AGGRESSIVE;
				GCC_WARN_UNUSED_FUNCTION = YES;
				GCC_WARN_UNUSED_VARIABLE = YES;
				"INFOPLIST_FILE[sdk=iphoneos*]" = "";
				IPHONEOS_DEPLOYMENT_TARGET = 13.0;
				MTL_ENABLE_DEBUG_INFO = INCLUDE_SOURCE;
				MTL_FAST_MATH = YES;
				ONLY_ACTIVE_ARCH = YES;
				SDKROOT = iphoneos;
				SWIFT_ACTIVE_COMPILATION_CONDITIONS = DEBUG;
				SWIFT_OPTIMIZATION_LEVEL = "-Onone";
			};
			name = Debug;
		};
		C62F05B3256BF11D00D83B49 /* Release */ = {
			isa = XCBuildConfiguration;
			buildSettings = {
				ALWAYS_SEARCH_USER_PATHS = NO;
				CLANG_ANALYZER_NONNULL = YES;
				CLANG_ANALYZER_NUMBER_OBJECT_CONVERSION = YES_AGGRESSIVE;
				CLANG_CXX_LANGUAGE_STANDARD = "gnu++14";
				CLANG_CXX_LIBRARY = "libc++";
				CLANG_ENABLE_MODULES = YES;
				CLANG_ENABLE_OBJC_ARC = YES;
				CLANG_ENABLE_OBJC_WEAK = YES;
				CLANG_WARN_BLOCK_CAPTURE_AUTORELEASING = YES;
				CLANG_WARN_BOOL_CONVERSION = YES;
				CLANG_WARN_COMMA = YES;
				CLANG_WARN_CONSTANT_CONVERSION = YES;
				CLANG_WARN_DEPRECATED_OBJC_IMPLEMENTATIONS = YES;
				CLANG_WARN_DIRECT_OBJC_ISA_USAGE = YES_ERROR;
				CLANG_WARN_DOCUMENTATION_COMMENTS = YES;
				CLANG_WARN_EMPTY_BODY = YES;
				CLANG_WARN_ENUM_CONVERSION = YES;
				CLANG_WARN_INFINITE_RECURSION = YES;
				CLANG_WARN_INT_CONVERSION = YES;
				CLANG_WARN_NON_LITERAL_NULL_CONVERSION = YES;
				CLANG_WARN_OBJC_IMPLICIT_RETAIN_SELF = YES;
				CLANG_WARN_OBJC_LITERAL_CONVERSION = YES;
				CLANG_WARN_OBJC_ROOT_CLASS = YES_ERROR;
				CLANG_WARN_QUOTED_INCLUDE_IN_FRAMEWORK_HEADER = YES;
				CLANG_WARN_RANGE_LOOP_ANALYSIS = YES;
				CLANG_WARN_STRICT_PROTOTYPES = YES;
				CLANG_WARN_SUSPICIOUS_MOVE = YES;
				CLANG_WARN_UNGUARDED_AVAILABILITY = YES_AGGRESSIVE;
				CLANG_WARN_UNREACHABLE_CODE = YES;
				CLANG_WARN__DUPLICATE_METHOD_MATCH = YES;
				COPY_PHASE_STRIP = NO;
				DEBUG_INFORMATION_FORMAT = "dwarf-with-dsym";
				ENABLE_NS_ASSERTIONS = NO;
				ENABLE_STRICT_OBJC_MSGSEND = YES;
				GCC_C_LANGUAGE_STANDARD = gnu11;
				GCC_NO_COMMON_BLOCKS = YES;
				GCC_WARN_64_TO_32_BIT_CONVERSION = YES;
				GCC_WARN_ABOUT_RETURN_TYPE = YES_ERROR;
				GCC_WARN_UNDECLARED_SELECTOR = YES;
				GCC_WARN_UNINITIALIZED_AUTOS = YES_AGGRESSIVE;
				GCC_WARN_UNUSED_FUNCTION = YES;
				GCC_WARN_UNUSED_VARIABLE = YES;
				"INFOPLIST_FILE[sdk=iphoneos*]" = "";
				IPHONEOS_DEPLOYMENT_TARGET = 13.0;
				MTL_ENABLE_DEBUG_INFO = NO;
				MTL_FAST_MATH = YES;
				SDKROOT = iphoneos;
				SWIFT_COMPILATION_MODE = wholemodule;
				SWIFT_OPTIMIZATION_LEVEL = "-O";
				VALIDATE_PRODUCT = YES;
			};
			name = Release;
		};
		C62F05B5256BF11D00D83B49 /* Debug */ = {
			isa = XCBuildConfiguration;
			buildSettings = {
				ASSETCATALOG_COMPILER_APPICON_NAME = AppIcon;
				ASSETCATALOG_COMPILER_GLOBAL_ACCENT_COLOR_NAME = AccentColor;
				CLANG_ENABLE_MODULES = YES;
				CODE_SIGN_STYLE = Automatic;
				CURRENT_PROJECT_VERSION = 1.2;
				DEVELOPMENT_TEAM = 6MW269TTB7;
				INFOPLIST_FILE = DTM/Info.plist;
				LD_RUNPATH_SEARCH_PATHS = (
					"$(inherited)",
					"@executable_path/Frameworks",
				);
				MARKETING_VERSION = 1.2;
				PRODUCT_BUNDLE_IDENTIFIER = com.connectworld.DTM;
				PRODUCT_NAME = "$(TARGET_NAME)";
				SWIFT_OPTIMIZATION_LEVEL = "-Onone";
				SWIFT_VERSION = 5.0;
				TARGETED_DEVICE_FAMILY = "1,2";
			};
			name = Debug;
		};
		C62F05B6256BF11D00D83B49 /* Release */ = {
			isa = XCBuildConfiguration;
			buildSettings = {
				ASSETCATALOG_COMPILER_APPICON_NAME = AppIcon;
				ASSETCATALOG_COMPILER_GLOBAL_ACCENT_COLOR_NAME = AccentColor;
				CLANG_ENABLE_MODULES = YES;
				CODE_SIGN_STYLE = Automatic;
				CURRENT_PROJECT_VERSION = 1.2;
				DEVELOPMENT_TEAM = 6MW269TTB7;
				INFOPLIST_FILE = DTM/Info.plist;
				LD_RUNPATH_SEARCH_PATHS = (
					"$(inherited)",
					"@executable_path/Frameworks",
				);
				MARKETING_VERSION = 1.2;
				PRODUCT_BUNDLE_IDENTIFIER = com.connectworld.DTM;
				PRODUCT_NAME = "$(TARGET_NAME)";
				SWIFT_VERSION = 5.0;
				TARGETED_DEVICE_FAMILY = "1,2";
			};
			name = Release;
		};
		C62F05B8256BF11D00D83B49 /* Debug */ = {
			isa = XCBuildConfiguration;
			buildSettings = {
				ALWAYS_EMBED_SWIFT_STANDARD_LIBRARIES = YES;
				BUNDLE_LOADER = "$(TEST_HOST)";
				CODE_SIGN_STYLE = Automatic;
				DEVELOPMENT_TEAM = 6MW269TTB7;
				INFOPLIST_FILE = DTMTests/Info.plist;
				IPHONEOS_DEPLOYMENT_TARGET = 14.3;
				LD_RUNPATH_SEARCH_PATHS = (
					"$(inherited)",
					"@executable_path/Frameworks",
					"@loader_path/Frameworks",
				);
				PRODUCT_BUNDLE_IDENTIFIER = cc.connectworld.DTMTests;
				PRODUCT_NAME = "$(TARGET_NAME)";
				SWIFT_VERSION = 5.0;
				TARGETED_DEVICE_FAMILY = "1,2";
				TEST_HOST = "$(BUILT_PRODUCTS_DIR)/DTM.app/DTM";
			};
			name = Debug;
		};
		C62F05B9256BF11D00D83B49 /* Release */ = {
			isa = XCBuildConfiguration;
			buildSettings = {
				ALWAYS_EMBED_SWIFT_STANDARD_LIBRARIES = YES;
				BUNDLE_LOADER = "$(TEST_HOST)";
				CODE_SIGN_STYLE = Automatic;
				DEVELOPMENT_TEAM = 6MW269TTB7;
				INFOPLIST_FILE = DTMTests/Info.plist;
				IPHONEOS_DEPLOYMENT_TARGET = 14.3;
				LD_RUNPATH_SEARCH_PATHS = (
					"$(inherited)",
					"@executable_path/Frameworks",
					"@loader_path/Frameworks",
				);
				PRODUCT_BUNDLE_IDENTIFIER = cc.connectworld.DTMTests;
				PRODUCT_NAME = "$(TARGET_NAME)";
				SWIFT_VERSION = 5.0;
				TARGETED_DEVICE_FAMILY = "1,2";
				TEST_HOST = "$(BUILT_PRODUCTS_DIR)/DTM.app/DTM";
			};
			name = Release;
		};
		C62F05BB256BF11D00D83B49 /* Debug */ = {
			isa = XCBuildConfiguration;
			buildSettings = {
				ALWAYS_EMBED_SWIFT_STANDARD_LIBRARIES = YES;
				CODE_SIGN_STYLE = Automatic;
				DEVELOPMENT_TEAM = 6MW269TTB7;
				INFOPLIST_FILE = DTMUITests/Info.plist;
				LD_RUNPATH_SEARCH_PATHS = (
					"$(inherited)",
					"@executable_path/Frameworks",
					"@loader_path/Frameworks",
				);
				PRODUCT_BUNDLE_IDENTIFIER = cc.connectworld.DTMUITests;
				PRODUCT_NAME = "$(TARGET_NAME)";
				SWIFT_VERSION = 5.0;
				TARGETED_DEVICE_FAMILY = "1,2";
				TEST_TARGET_NAME = DTM;
			};
			name = Debug;
		};
		C62F05BC256BF11D00D83B49 /* Release */ = {
			isa = XCBuildConfiguration;
			buildSettings = {
				ALWAYS_EMBED_SWIFT_STANDARD_LIBRARIES = YES;
				CODE_SIGN_STYLE = Automatic;
				DEVELOPMENT_TEAM = 6MW269TTB7;
				INFOPLIST_FILE = DTMUITests/Info.plist;
				LD_RUNPATH_SEARCH_PATHS = (
					"$(inherited)",
					"@executable_path/Frameworks",
					"@loader_path/Frameworks",
				);
				PRODUCT_BUNDLE_IDENTIFIER = cc.connectworld.DTMUITests;
				PRODUCT_NAME = "$(TARGET_NAME)";
				SWIFT_VERSION = 5.0;
				TARGETED_DEVICE_FAMILY = "1,2";
				TEST_TARGET_NAME = DTM;
			};
			name = Release;
		};
/* End XCBuildConfiguration section */

/* Begin XCConfigurationList section */
		C62F0585256BF11C00D83B49 /* Build configuration list for PBXProject "DTM" */ = {
			isa = XCConfigurationList;
			buildConfigurations = (
				C62F05B2256BF11D00D83B49 /* Debug */,
				C62F05B3256BF11D00D83B49 /* Release */,
			);
			defaultConfigurationIsVisible = 0;
			defaultConfigurationName = Release;
		};
		C62F05B4256BF11D00D83B49 /* Build configuration list for PBXNativeTarget "DTM" */ = {
			isa = XCConfigurationList;
			buildConfigurations = (
				C62F05B5256BF11D00D83B49 /* Debug */,
				C62F05B6256BF11D00D83B49 /* Release */,
			);
			defaultConfigurationIsVisible = 0;
			defaultConfigurationName = Release;
		};
		C62F05B7256BF11D00D83B49 /* Build configuration list for PBXNativeTarget "DTMTests" */ = {
			isa = XCConfigurationList;
			buildConfigurations = (
				C62F05B8256BF11D00D83B49 /* Debug */,
				C62F05B9256BF11D00D83B49 /* Release */,
			);
			defaultConfigurationIsVisible = 0;
			defaultConfigurationName = Release;
		};
		C62F05BA256BF11D00D83B49 /* Build configuration list for PBXNativeTarget "DTMUITests" */ = {
			isa = XCConfigurationList;
			buildConfigurations = (
				C62F05BB256BF11D00D83B49 /* Debug */,
				C62F05BC256BF11D00D83B49 /* Release */,
			);
			defaultConfigurationIsVisible = 0;
			defaultConfigurationName = Release;
		};
/* End XCConfigurationList section */
	};
	rootObject = C62F0582256BF11C00D83B49 /* Project object */;
}
